
Microsoft Visual Studio Solution File, Format Version 12.00
# Visual Studio Version 17
VisualStudioVersion = 17.13.35931.197 d17.13
MinimumVisualStudioVersion = 10.0.40219.1
Project("{FAE04EC0-301F-11D3-BF4B-00C04F79EFBC}") = "CurrencyRatesFetcher", "CurrencyRatesFetcher.csproj", "{43F76687-3D84-4E3C-A2C8-34ECBEE2D9CC}"
EndProject
Global
	GlobalSection(SolutionConfigurationPlatforms) = preSolution
		Debug|Any CPU = Debug|Any CPU
		Release|Any CPU = Release|Any CPU
	EndGlobalSection
	GlobalSection(ProjectConfigurationPlatforms) = postSolution
		{43F76687-3D84-4E3C-A2C8-34ECBEE2D9CC}.Debug|Any CPU.ActiveCfg = Debug|Any CPU
		{43F76687-3D84-4E3C-A2C8-34ECBEE2D9CC}.Debug|Any CPU.Build.0 = Debug|Any CPU
		{43F76687-3D84-4E3C-A2C8-34ECBEE2D9CC}.Release|Any CPU.ActiveCfg = Release|Any CPU
		{43F76687-3D84-4E3C-A2C8-34ECBEE2D9CC}.Release|Any CPU.Build.0 = Release|Any CPU
	EndGlobalSection
	GlobalSection(SolutionProperties) = preSolution
		HideSolutionNode = FALSE
	EndGlobalSection
	GlobalSection(ExtensibilityGlobals) = postSolution
		SolutionGuid = {63B6CD40-E24F-4D92-AE82-8126237ED3D4}
	EndGlobalSection
EndGlobal
