
Microsoft Visual Studio Solution File, Format Version 12.00
# Visual Studio Version 17
VisualStudioVersion = 17.13.35931.197 d17.13
MinimumVisualStudioVersion = 10.0.40219.1
Project("{FAE04EC0-301F-11D3-BF4B-00C04F79EFBC}") = "Getting user input", "Getting user input\Getting user input.csproj", "{684811A8-92E8-4C9D-ABB3-E38426132838}"
EndProject
Global
	GlobalSection(SolutionConfigurationPlatforms) = preSolution
		Debug|Any CPU = Debug|Any CPU
		Release|Any CPU = Release|Any CPU
	EndGlobalSection
	GlobalSection(ProjectConfigurationPlatforms) = postSolution
		{684811A8-92E8-4C9D-ABB3-E38426132838}.Debug|Any CPU.ActiveCfg = Debug|Any CPU
		{684811A8-92E8-4C9D-ABB3-E38426132838}.Debug|Any CPU.Build.0 = Debug|Any CPU
		{684811A8-92E8-4C9D-ABB3-E38426132838}.Release|Any CPU.ActiveCfg = Release|Any CPU
		{684811A8-92E8-4C9D-ABB3-E38426132838}.Release|Any CPU.Build.0 = Release|Any CPU
	EndGlobalSection
	GlobalSection(SolutionProperties) = preSolution
		HideSolutionNode = FALSE
	EndGlobalSection
	GlobalSection(ExtensibilityGlobals) = postSolution
		SolutionGuid = {776C388B-DBBC-4180-8754-665ED735A239}
	EndGlobalSection
EndGlobal
