
Microsoft Visual Studio Solution File, Format Version 12.00
# Visual Studio Version 17
VisualStudioVersion = 17.13.35931.197 d17.13
MinimumVisualStudioVersion = 10.0.40219.1
Project("{FAE04EC0-301F-11D3-BF4B-00C04F79EFBC}") = "ProductsSortingApp", "ProductsSortingApp.csproj", "{4551166E-B843-4149-8F58-14928E47C0BA}"
EndProject
Global
	GlobalSection(SolutionConfigurationPlatforms) = preSolution
		Debug|Any CPU = Debug|Any CPU
		Release|Any CPU = Release|Any CPU
	EndGlobalSection
	GlobalSection(ProjectConfigurationPlatforms) = postSolution
		{4551166E-B843-4149-8F58-14928E47C0BA}.Debug|Any CPU.ActiveCfg = Debug|Any CPU
		{4551166E-B843-4149-8F58-14928E47C0BA}.Debug|Any CPU.Build.0 = Debug|Any CPU
		{4551166E-B843-4149-8F58-14928E47C0BA}.Release|Any CPU.ActiveCfg = Release|Any CPU
		{4551166E-B843-4149-8F58-14928E47C0BA}.Release|Any CPU.Build.0 = Release|Any CPU
	EndGlobalSection
	GlobalSection(SolutionProperties) = preSolution
		HideSolutionNode = FALSE
	EndGlobalSection
	GlobalSection(ExtensibilityGlobals) = postSolution
		SolutionGuid = {DBC9D70A-5FE5-4F5B-815D-C313433ACBED}
	EndGlobalSection
EndGlobal
