
Microsoft Visual Studio Solution File, Format Version 12.00
# Visual Studio Version 17
VisualStudioVersion = 17.13.35931.197 d17.13
MinimumVisualStudioVersion = 10.0.40219.1
Project("{FAE04EC0-301F-11D3-BF4B-00C04F79EFBC}") = "For Loops", "For Loops\For Loops.csproj", "{23D050B0-69F7-47FF-A242-B8E19A8CBBC5}"
EndProject
Global
	GlobalSection(SolutionConfigurationPlatforms) = preSolution
		Debug|Any CPU = Debug|Any CPU
		Release|Any CPU = Release|Any CPU
	EndGlobalSection
	GlobalSection(ProjectConfigurationPlatforms) = postSolution
		{23D050B0-69F7-47FF-A242-B8E19A8CBBC5}.Debug|Any CPU.ActiveCfg = Debug|Any CPU
		{23D050B0-69F7-47FF-A242-B8E19A8CBBC5}.Debug|Any CPU.Build.0 = Debug|Any CPU
		{23D050B0-69F7-47FF-A242-B8E19A8CBBC5}.Release|Any CPU.ActiveCfg = Release|Any CPU
		{23D050B0-69F7-47FF-A242-B8E19A8CBBC5}.Release|Any CPU.Build.0 = Release|Any CPU
	EndGlobalSection
	GlobalSection(SolutionProperties) = preSolution
		HideSolutionNode = FALSE
	EndGlobalSection
	GlobalSection(ExtensibilityGlobals) = postSolution
		SolutionGuid = {5A4DF5BA-448D-45D0-ACC7-CB4DCEEFEEE4}
	EndGlobalSection
EndGlobal
