
Microsoft Visual Studio Solution File, Format Version 12.00
# Visual Studio Version 17
VisualStudioVersion = 17.13.35931.197 d17.13
MinimumVisualStudioVersion = 10.0.40219.1
Project("{FAE04EC0-301F-11D3-BF4B-00C04F79EFBC}") = "Calculatorv2", "Calculatorv2\Calculatorv2.csproj", "{207E2512-FC7D-4599-B708-8677EF703B2F}"
EndProject
Global
	GlobalSection(SolutionConfigurationPlatforms) = preSolution
		Debug|Any CPU = Debug|Any CPU
		Release|Any CPU = Release|Any CPU
	EndGlobalSection
	GlobalSection(ProjectConfigurationPlatforms) = postSolution
		{207E2512-FC7D-4599-B708-8677EF703B2F}.Debug|Any CPU.ActiveCfg = Debug|Any CPU
		{207E2512-FC7D-4599-B708-8677EF703B2F}.Debug|Any CPU.Build.0 = Debug|Any CPU
		{207E2512-FC7D-4599-B708-8677EF703B2F}.Release|Any CPU.ActiveCfg = Release|Any CPU
		{207E2512-FC7D-4599-B708-8677EF703B2F}.Release|Any CPU.Build.0 = Release|Any CPU
	EndGlobalSection
	GlobalSection(SolutionProperties) = preSolution
		HideSolutionNode = FALSE
	EndGlobalSection
	GlobalSection(ExtensibilityGlobals) = postSolution
		SolutionGuid = {D41AA025-8A01-422F-9EA5-B580E7076C17}
	EndGlobalSection
EndGlobal
