
Microsoft Visual Studio Solution File, Format Version 12.00
# Visual Studio Version 17
VisualStudioVersion = 17.13.35931.197 d17.13
MinimumVisualStudioVersion = 10.0.40219.1
Project("{FAE04EC0-301F-11D3-BF4B-00C04F79EFBC}") = "Getters and Setters", "Getters and Setters\Getters and Setters.csproj", "{283DC42B-1542-44A3-B94A-2BAE85252361}"
EndProject
Global
	GlobalSection(SolutionConfigurationPlatforms) = preSolution
		Debug|Any CPU = Debug|Any CPU
		Release|Any CPU = Release|Any CPU
	EndGlobalSection
	GlobalSection(ProjectConfigurationPlatforms) = postSolution
		{283DC42B-1542-44A3-B94A-2BAE85252361}.Debug|Any CPU.ActiveCfg = Debug|Any CPU
		{283DC42B-1542-44A3-B94A-2BAE85252361}.Debug|Any CPU.Build.0 = Debug|Any CPU
		{283DC42B-1542-44A3-B94A-2BAE85252361}.Release|Any CPU.ActiveCfg = Release|Any CPU
		{283DC42B-1542-44A3-B94A-2BAE85252361}.Release|Any CPU.Build.0 = Release|Any CPU
	EndGlobalSection
	GlobalSection(SolutionProperties) = preSolution
		HideSolutionNode = FALSE
	EndGlobalSection
	GlobalSection(ExtensibilityGlobals) = postSolution
		SolutionGuid = {1DE684D0-7371-4220-A13F-FB971C2A7ED3}
	EndGlobalSection
EndGlobal
