
Microsoft Visual Studio Solution File, Format Version 12.00
# Visual Studio Version 17
VisualStudioVersion = 17.13.35931.197 d17.13
MinimumVisualStudioVersion = 10.0.40219.1
Project("{FAE04EC0-301F-11D3-BF4B-00C04F79EFBC}") = "ShoppingCartApp", "ShoppingCartApp.csproj", "{4D875D5C-E804-4D0E-AA1C-160515EBD796}"
EndProject
Global
	GlobalSection(SolutionConfigurationPlatforms) = preSolution
		Debug|Any CPU = Debug|Any CPU
		Release|Any CPU = Release|Any CPU
	EndGlobalSection
	GlobalSection(ProjectConfigurationPlatforms) = postSolution
		{4D875D5C-E804-4D0E-AA1C-160515EBD796}.Debug|Any CPU.ActiveCfg = Debug|Any CPU
		{4D875D5C-E804-4D0E-AA1C-160515EBD796}.Debug|Any CPU.Build.0 = Debug|Any CPU
		{4D875D5C-E804-4D0E-AA1C-160515EBD796}.Release|Any CPU.ActiveCfg = Release|Any CPU
		{4D875D5C-E804-4D0E-AA1C-160515EBD796}.Release|Any CPU.Build.0 = Release|Any CPU
	EndGlobalSection
	GlobalSection(SolutionProperties) = preSolution
		HideSolutionNode = FALSE
	EndGlobalSection
	GlobalSection(ExtensibilityGlobals) = postSolution
		SolutionGuid = {59E87FB9-FF78-44D5-946F-031165BFFD44}
	EndGlobalSection
EndGlobal
