
Microsoft Visual Studio Solution File, Format Version 12.00
# Visual Studio Version 17
VisualStudioVersion = 17.13.35931.197 d17.13
MinimumVisualStudioVersion = 10.0.40219.1
Project("{FAE04EC0-301F-11D3-BF4B-00C04F79EFBC}") = "Exception Handling", "Exception Handling\Exception Handling.csproj", "{7FF4951C-75E8-43FE-AE6A-FAA7D9BA4276}"
EndProject
Global
	GlobalSection(SolutionConfigurationPlatforms) = preSolution
		Debug|Any CPU = Debug|Any CPU
		Release|Any CPU = Release|Any CPU
	EndGlobalSection
	GlobalSection(ProjectConfigurationPlatforms) = postSolution
		{7FF4951C-75E8-43FE-AE6A-FAA7D9BA4276}.Debug|Any CPU.ActiveCfg = Debug|Any CPU
		{7FF4951C-75E8-43FE-AE6A-FAA7D9BA4276}.Debug|Any CPU.Build.0 = Debug|Any CPU
		{7FF4951C-75E8-43FE-AE6A-FAA7D9BA4276}.Release|Any CPU.ActiveCfg = Release|Any CPU
		{7FF4951C-75E8-43FE-AE6A-FAA7D9BA4276}.Release|Any CPU.Build.0 = Release|Any CPU
	EndGlobalSection
	GlobalSection(SolutionProperties) = preSolution
		HideSolutionNode = FALSE
	EndGlobalSection
	GlobalSection(ExtensibilityGlobals) = postSolution
		SolutionGuid = {32D3548E-261C-45FD-BBC5-E386B85C7BFE}
	EndGlobalSection
EndGlobal
